
Microsoft Visual Studio Solution File, Format Version 12.00
# Visual Studio 14
VisualStudioVersion = 14.0.25420.1
MinimumVisualStudioVersion = 10.0.40219.1
Project("{FAE04EC0-301F-11D3-BF4B-00C04F79EFBC}") = "methodHomeworkWeek2Day3", "methodHomeworkWeek2Day3\methodHomeworkWeek2Day3.csproj", "{A9882495-37D0-43E2-A08F-27B25F9EE924}"
EndProject
Global
	GlobalSection(SolutionConfigurationPlatforms) = preSolution
		Debug|Any CPU = Debug|Any CPU
		Release|Any CPU = Release|Any CPU
	EndGlobalSection
	GlobalSection(ProjectConfigurationPlatforms) = postSolution
		{A9882495-37D0-43E2-A08F-27B25F9EE924}.Debug|Any CPU.ActiveCfg = Debug|Any CPU
		{A9882495-37D0-43E2-A08F-27B25F9EE924}.Debug|Any CPU.Build.0 = Debug|Any CPU
		{A9882495-37D0-43E2-A08F-27B25F9EE924}.Release|Any CPU.ActiveCfg = Release|Any CPU
		{A9882495-37D0-43E2-A08F-27B25F9EE924}.Release|Any CPU.Build.0 = Release|Any CPU
	EndGlobalSection
	GlobalSection(SolutionProperties) = preSolution
		HideSolutionNode = FALSE
	EndGlobalSection
EndGlobal
